
Microsoft Visual Studio Solution File, Format Version 12.00
# Visual Studio Version 17
VisualStudioVersion = 17.0.32014.148
MinimumVisualStudioVersion = 10.0.40219.1
Project("{FAE04EC0-301F-11D3-BF4B-00C04F79EFBC}") = "ConsoleApp1", "ConsoleApp1\ConsoleApp1.csproj", "{F759E2E0-7AF1-4E61-9273-69160129EED0}"
EndProject
Global
	GlobalSection(SolutionConfigurationPlatforms) = preSolution
		Debug|Any CPU = Debug|Any CPU
		Release|Any CPU = Release|Any CPU
	EndGlobalSection
	GlobalSection(ProjectConfigurationPlatforms) = postSolution
		{F759E2E0-7AF1-4E61-9273-69160129EED0}.Debug|Any CPU.ActiveCfg = Debug|Any CPU
		{F759E2E0-7AF1-4E61-9273-69160129EED0}.Debug|Any CPU.Build.0 = Debug|Any CPU
		{F759E2E0-7AF1-4E61-9273-69160129EED0}.Release|Any CPU.ActiveCfg = Release|Any CPU
		{F759E2E0-7AF1-4E61-9273-69160129EED0}.Release|Any CPU.Build.0 = Release|Any CPU
	EndGlobalSection
	GlobalSection(SolutionProperties) = preSolution
		HideSolutionNode = FALSE
	EndGlobalSection
	GlobalSection(ExtensibilityGlobals) = postSolution
		SolutionGuid = {6407E239-7462-4C9F-9821-C3EAC5BF7706}
	EndGlobalSection
EndGlobal
